// !$*UTF8*$!
{
	archiveVersion = 1;
	classes = {
	};
	objectVersion = 48;
	objects = {

/* Begin PBXBuildFile section */
		5FFB1B0BF2C3C0FF696E910E /* Pods_InstaFood.framework in Frameworks */ = {isa = PBXBuildFile; fileRef = 03A6E7EB61949A17AECAB4E0 /* Pods_InstaFood.framework */; };
		8408A87D1FF6A6E6006C7960 /* NewRecipeViewController.swift in Sources */ = {isa = PBXBuildFile; fileRef = 8408A87C1FF6A6E6006C7960 /* NewRecipeViewController.swift */; };
		841476231FE82CA900DC8D1D /* AppDelegate.swift in Sources */ = {isa = PBXBuildFile; fileRef = 841476221FE82CA900DC8D1D /* AppDelegate.swift */; };
		841476281FE82CA900DC8D1D /* Main.storyboard in Resources */ = {isa = PBXBuildFile; fileRef = 841476261FE82CA900DC8D1D /* Main.storyboard */; };
		8414762A1FE82CA900DC8D1D /* Assets.xcassets in Resources */ = {isa = PBXBuildFile; fileRef = 841476291FE82CA900DC8D1D /* Assets.xcassets */; };
		8414762D1FE82CA900DC8D1D /* LaunchScreen.storyboard in Resources */ = {isa = PBXBuildFile; fileRef = 8414762B1FE82CA900DC8D1D /* LaunchScreen.storyboard */; };
		8447702E1FEED14A002BFD0A /* ForgetPasswordViewController.swift in Sources */ = {isa = PBXBuildFile; fileRef = 8447702D1FEED14A002BFD0A /* ForgetPasswordViewController.swift */; };
		845A891E1FF66FA10030F381 /* MyRecipesViewController.swift in Sources */ = {isa = PBXBuildFile; fileRef = 845A891D1FF66FA10030F381 /* MyRecipesViewController.swift */; };
		84675F441FF79DFA00D1A196 /* RecipeViewViewController.swift in Sources */ = {isa = PBXBuildFile; fileRef = 84675F431FF79DFA00D1A196 /* RecipeViewViewController.swift */; };
		84675F461FF7C5AA00D1A196 /* Recipe.swift in Sources */ = {isa = PBXBuildFile; fileRef = 84675F451FF7C5AA00D1A196 /* Recipe.swift */; };
		847186B41FE9697700781F8D /* LoginViewController.swift in Sources */ = {isa = PBXBuildFile; fileRef = 847186B31FE9697700781F8D /* LoginViewController.swift */; };
		847186B71FE96DAB00781F8D /* Background.jpg in Resources */ = {isa = PBXBuildFile; fileRef = 841476361FE8334300DC8D1D /* Background.jpg */; };
		847186B91FE96E4C00781F8D /* SignUpViewController.swift in Sources */ = {isa = PBXBuildFile; fileRef = 847186B81FE96E4C00781F8D /* SignUpViewController.swift */; };
		84892D871FE99112004874BC /* RecipesFeedViewController.swift in Sources */ = {isa = PBXBuildFile; fileRef = 84892D861FE99112004874BC /* RecipesFeedViewController.swift */; };
		84CF31911FEABFEA00882540 /* GoogleService-Info.plist in Resources */ = {isa = PBXBuildFile; fileRef = 84CF31901FEAB30400882540 /* GoogleService-Info.plist */; };
		84F69A671FF1544F00BCA187 /* NetworkingService.swift in Sources */ = {isa = PBXBuildFile; fileRef = 84F69A661FF1544F00BCA187 /* NetworkingService.swift */; };
/* End PBXBuildFile section */

/* Begin PBXFileReference section */
		03A6E7EB61949A17AECAB4E0 /* Pods_InstaFood.framework */ = {isa = PBXFileReference; explicitFileType = wrapper.framework; includeInIndex = 0; path = Pods_InstaFood.framework; sourceTree = BUILT_PRODUCTS_DIR; };
		344AAC3BA7703357383F89D0 /* Pods-InstaFood.debug.xcconfig */ = {isa = PBXFileReference; includeInIndex = 1; lastKnownFileType = text.xcconfig; name = "Pods-InstaFood.debug.xcconfig"; path = "Pods/Target Support Files/Pods-InstaFood/Pods-InstaFood.debug.xcconfig"; sourceTree = "<group>"; };
		8408A87C1FF6A6E6006C7960 /* NewRecipeViewController.swift */ = {isa = PBXFileReference; lastKnownFileType = sourcecode.swift; path = NewRecipeViewController.swift; sourceTree = "<group>"; };
		8414761F1FE82CA900DC8D1D /* InstaFood.app */ = {isa = PBXFileReference; explicitFileType = wrapper.application; includeInIndex = 0; path = InstaFood.app; sourceTree = BUILT_PRODUCTS_DIR; };
		841476221FE82CA900DC8D1D /* AppDelegate.swift */ = {isa = PBXFileReference; lastKnownFileType = sourcecode.swift; path = AppDelegate.swift; sourceTree = "<group>"; };
		841476271FE82CA900DC8D1D /* Base */ = {isa = PBXFileReference; lastKnownFileType = file.storyboard; name = Base; path = Base.lproj/Main.storyboard; sourceTree = "<group>"; };
		841476291FE82CA900DC8D1D /* Assets.xcassets */ = {isa = PBXFileReference; lastKnownFileType = folder.assetcatalog; path = Assets.xcassets; sourceTree = "<group>"; };
		8414762C1FE82CA900DC8D1D /* Base */ = {isa = PBXFileReference; lastKnownFileType = file.storyboard; name = Base; path = Base.lproj/LaunchScreen.storyboard; sourceTree = "<group>"; };
		8414762E1FE82CA900DC8D1D /* Info.plist */ = {isa = PBXFileReference; lastKnownFileType = text.plist.xml; path = Info.plist; sourceTree = "<group>"; };
		841476361FE8334300DC8D1D /* Background.jpg */ = {isa = PBXFileReference; lastKnownFileType = image.jpeg; path = Background.jpg; sourceTree = "<group>"; };
		8447702D1FEED14A002BFD0A /* ForgetPasswordViewController.swift */ = {isa = PBXFileReference; lastKnownFileType = sourcecode.swift; path = ForgetPasswordViewController.swift; sourceTree = "<group>"; };
		845A891D1FF66FA10030F381 /* MyRecipesViewController.swift */ = {isa = PBXFileReference; lastKnownFileType = sourcecode.swift; path = MyRecipesViewController.swift; sourceTree = "<group>"; };
		84675F431FF79DFA00D1A196 /* RecipeViewViewController.swift */ = {isa = PBXFileReference; lastKnownFileType = sourcecode.swift; path = RecipeViewViewController.swift; sourceTree = "<group>"; };
		84675F451FF7C5AA00D1A196 /* Recipe.swift */ = {isa = PBXFileReference; lastKnownFileType = sourcecode.swift; path = Recipe.swift; sourceTree = "<group>"; };
		847186B31FE9697700781F8D /* LoginViewController.swift */ = {isa = PBXFileReference; lastKnownFileType = sourcecode.swift; path = LoginViewController.swift; sourceTree = "<group>"; };
		847186B81FE96E4C00781F8D /* SignUpViewController.swift */ = {isa = PBXFileReference; lastKnownFileType = sourcecode.swift; path = SignUpViewController.swift; sourceTree = "<group>"; };
		847186BA1FE9791500781F8D /* Email.png */ = {isa = PBXFileReference; lastKnownFileType = image.png; path = Email.png; sourceTree = "<group>"; };
		84892D861FE99112004874BC /* RecipesFeedViewController.swift */ = {isa = PBXFileReference; lastKnownFileType = sourcecode.swift; path = RecipesFeedViewController.swift; sourceTree = "<group>"; };
		84892D881FE99947004874BC /* home-100.png */ = {isa = PBXFileReference; lastKnownFileType = image.png; path = "home-100.png"; sourceTree = "<group>"; };
		84892D891FE999C5004874BC /* book-100.png */ = {isa = PBXFileReference; lastKnownFileType = image.png; path = "book-100.png"; sourceTree = "<group>"; };
		84892D8A1FE999C5004874BC /* plus-100.png */ = {isa = PBXFileReference; lastKnownFileType = image.png; path = "plus-100.png"; sourceTree = "<group>"; };
		84892D8C1FE99A6A004874BC /* star-100.png */ = {isa = PBXFileReference; lastKnownFileType = image.png; path = "star-100.png"; sourceTree = "<group>"; };
		84CF31901FEAB30400882540 /* GoogleService-Info.plist */ = {isa = PBXFileReference; lastKnownFileType = text.plist.xml; path = "GoogleService-Info.plist"; sourceTree = SOURCE_ROOT; };
		84F69A661FF1544F00BCA187 /* NetworkingService.swift */ = {isa = PBXFileReference; lastKnownFileType = sourcecode.swift; path = NetworkingService.swift; sourceTree = "<group>"; };
		84F69A681FF1624E00BCA187 /* user-Image.jpg */ = {isa = PBXFileReference; lastKnownFileType = image.jpeg; path = "user-Image.jpg"; sourceTree = "<group>"; };
		B341DF587FA5956004163DEA /* Pods-InstaFood.release.xcconfig */ = {isa = PBXFileReference; includeInIndex = 1; lastKnownFileType = text.xcconfig; name = "Pods-InstaFood.release.xcconfig"; path = "Pods/Target Support Files/Pods-InstaFood/Pods-InstaFood.release.xcconfig"; sourceTree = "<group>"; };
/* End PBXFileReference section */

/* Begin PBXFrameworksBuildPhase section */
		8414761C1FE82CA900DC8D1D /* Frameworks */ = {
			isa = PBXFrameworksBuildPhase;
			buildActionMask = 2147483647;
			files = (
				5FFB1B0BF2C3C0FF696E910E /* Pods_InstaFood.framework in Frameworks */,
			);
			runOnlyForDeploymentPostprocessing = 0;
		};
/* End PBXFrameworksBuildPhase section */

/* Begin PBXGroup section */
		3FBAE73BA044E75FBA9D43AF /* Pods */ = {
			isa = PBXGroup;
			children = (
				344AAC3BA7703357383F89D0 /* Pods-InstaFood.debug.xcconfig */,
				B341DF587FA5956004163DEA /* Pods-InstaFood.release.xcconfig */,
			);
			name = Pods;
			sourceTree = "<group>";
		};
		841476161FE82CA900DC8D1D = {
			isa = PBXGroup;
			children = (
				841476211FE82CA900DC8D1D /* InstaFood */,
				841476201FE82CA900DC8D1D /* Products */,
				3FBAE73BA044E75FBA9D43AF /* Pods */,
				A9014603B28B6E9CC3C4660C /* Frameworks */,
			);
			sourceTree = "<group>";
		};
		841476201FE82CA900DC8D1D /* Products */ = {
			isa = PBXGroup;
			children = (
				8414761F1FE82CA900DC8D1D /* InstaFood.app */,
			);
			name = Products;
			sourceTree = "<group>";
		};
		841476211FE82CA900DC8D1D /* InstaFood */ = {
			isa = PBXGroup;
			children = (
				847186B01FE965DC00781F8D /* Controller */,
				847186AF1FE9655300781F8D /* View */,
				847186AE1FE9654D00781F8D /* Model */,
				841476341FE8331100DC8D1D /* SupportingFiles */,
				841476291FE82CA900DC8D1D /* Assets.xcassets */,
				8414762E1FE82CA900DC8D1D /* Info.plist */,
				84CF31901FEAB30400882540 /* GoogleService-Info.plist */,
			);
			path = InstaFood;
			sourceTree = "<group>";
		};
		841476341FE8331100DC8D1D /* SupportingFiles */ = {
			isa = PBXGroup;
			children = (
				84F69A681FF1624E00BCA187 /* user-Image.jpg */,
				841476361FE8334300DC8D1D /* Background.jpg */,
				847186BA1FE9791500781F8D /* Email.png */,
				84892D881FE99947004874BC /* home-100.png */,
				84892D891FE999C5004874BC /* book-100.png */,
				84892D8A1FE999C5004874BC /* plus-100.png */,
				84892D8C1FE99A6A004874BC /* star-100.png */,
			);
			name = SupportingFiles;
			sourceTree = "<group>";
		};
		847186AE1FE9654D00781F8D /* Model */ = {
			isa = PBXGroup;
			children = (
				84F69A661FF1544F00BCA187 /* NetworkingService.swift */,
				84675F451FF7C5AA00D1A196 /* Recipe.swift */,
			);
			path = Model;
			sourceTree = "<group>";
		};
		847186AF1FE9655300781F8D /* View */ = {
			isa = PBXGroup;
			children = (
				841476261FE82CA900DC8D1D /* Main.storyboard */,
				8414762B1FE82CA900DC8D1D /* LaunchScreen.storyboard */,
			);
			name = View;
			sourceTree = "<group>";
		};
		847186B01FE965DC00781F8D /* Controller */ = {
			isa = PBXGroup;
			children = (
				841476221FE82CA900DC8D1D /* AppDelegate.swift */,
				847186B31FE9697700781F8D /* LoginViewController.swift */,
				847186B81FE96E4C00781F8D /* SignUpViewController.swift */,
				84892D861FE99112004874BC /* RecipesFeedViewController.swift */,
				8408A87C1FF6A6E6006C7960 /* NewRecipeViewController.swift */,
				8447702D1FEED14A002BFD0A /* ForgetPasswordViewController.swift */,
				845A891D1FF66FA10030F381 /* MyRecipesViewController.swift */,
				84675F431FF79DFA00D1A196 /* RecipeViewViewController.swift */,
			);
			path = Controller;
			sourceTree = "<group>";
		};
		A9014603B28B6E9CC3C4660C /* Frameworks */ = {
			isa = PBXGroup;
			children = (
				03A6E7EB61949A17AECAB4E0 /* Pods_InstaFood.framework */,
			);
			name = Frameworks;
			sourceTree = "<group>";
		};
/* End PBXGroup section */

/* Begin PBXNativeTarget section */
		8414761E1FE82CA900DC8D1D /* InstaFood */ = {
			isa = PBXNativeTarget;
			buildConfigurationList = 841476311FE82CA900DC8D1D /* Build configuration list for PBXNativeTarget "InstaFood" */;
			buildPhases = (
				AB90C3FC06B6A64641D5C8EB /* [CP] Check Pods Manifest.lock */,
				8414761B1FE82CA900DC8D1D /* Sources */,
				8414761C1FE82CA900DC8D1D /* Frameworks */,
				8414761D1FE82CA900DC8D1D /* Resources */,
				0D07AFF4E3F28B0C76BB6F9E /* [CP] Embed Pods Frameworks */,
				FF20ADA16A252638F49008F5 /* [CP] Copy Pods Resources */,
			);
			buildRules = (
			);
			dependencies = (
			);
			name = InstaFood;
			productName = InstaFood;
			productReference = 8414761F1FE82CA900DC8D1D /* InstaFood.app */;
			productType = "com.apple.product-type.application";
		};
/* End PBXNativeTarget section */

/* Begin PBXProject section */
		841476171FE82CA900DC8D1D /* Project object */ = {
			isa = PBXProject;
			attributes = {
				LastSwiftUpdateCheck = 0900;
				LastUpgradeCheck = 0900;
				ORGANIZATIONNAME = admin;
				TargetAttributes = {
					8414761E1FE82CA900DC8D1D = {
						CreatedOnToolsVersion = 9.0;
						ProvisioningStyle = Automatic;
					};
				};
			};
			buildConfigurationList = 8414761A1FE82CA900DC8D1D /* Build configuration list for PBXProject "InstaFood" */;
			compatibilityVersion = "Xcode 8.0";
			developmentRegion = en;
			hasScannedForEncodings = 0;
			knownRegions = (
				en,
				Base,
			);
			mainGroup = 841476161FE82CA900DC8D1D;
			productRefGroup = 841476201FE82CA900DC8D1D /* Products */;
			projectDirPath = "";
			projectRoot = "";
			targets = (
				8414761E1FE82CA900DC8D1D /* InstaFood */,
			);
		};
/* End PBXProject section */

/* Begin PBXResourcesBuildPhase section */
		8414761D1FE82CA900DC8D1D /* Resources */ = {
			isa = PBXResourcesBuildPhase;
			buildActionMask = 2147483647;
			files = (
				8414762D1FE82CA900DC8D1D /* LaunchScreen.storyboard in Resources */,
				847186B71FE96DAB00781F8D /* Background.jpg in Resources */,
				84CF31911FEABFEA00882540 /* GoogleService-Info.plist in Resources */,
				8414762A1FE82CA900DC8D1D /* Assets.xcassets in Resources */,
				841476281FE82CA900DC8D1D /* Main.storyboard in Resources */,
			);
			runOnlyForDeploymentPostprocessing = 0;
		};
/* End PBXResourcesBuildPhase section */

/* Begin PBXShellScriptBuildPhase section */
		0D07AFF4E3F28B0C76BB6F9E /* [CP] Embed Pods Frameworks */ = {
			isa = PBXShellScriptBuildPhase;
			buildActionMask = 2147483647;
			files = (
			);
			inputPaths = (
				"${SRCROOT}/Pods/Target Support Files/Pods-InstaFood/Pods-InstaFood-frameworks.sh",
				"${BUILT_PRODUCTS_DIR}/Bolts/Bolts.framework",
				"${BUILT_PRODUCTS_DIR}/FBSDKCoreKit/FBSDKCoreKit.framework",
				"${BUILT_PRODUCTS_DIR}/FBSDKLoginKit/FBSDKLoginKit.framework",
				"${BUILT_PRODUCTS_DIR}/FBSDKShareKit/FBSDKShareKit.framework",
				"${BUILT_PRODUCTS_DIR}/GTMSessionFetcher/GTMSessionFetcher.framework",
				"${BUILT_PRODUCTS_DIR}/GoogleToolboxForMac/GoogleToolboxForMac.framework",
				"${BUILT_PRODUCTS_DIR}/SVProgressHUD/SVProgressHUD.framework",
				"${BUILT_PRODUCTS_DIR}/leveldb-library/leveldb.framework",
				"${BUILT_PRODUCTS_DIR}/nanopb/nanopb.framework",
			);
			name = "[CP] Embed Pods Frameworks";
			outputPaths = (
				"${TARGET_BUILD_DIR}/${FRAMEWORKS_FOLDER_PATH}/Bolts.framework",
				"${TARGET_BUILD_DIR}/${FRAMEWORKS_FOLDER_PATH}/FBSDKCoreKit.framework",
				"${TARGET_BUILD_DIR}/${FRAMEWORKS_FOLDER_PATH}/FBSDKLoginKit.framework",
				"${TARGET_BUILD_DIR}/${FRAMEWORKS_FOLDER_PATH}/FBSDKShareKit.framework",
				"${TARGET_BUILD_DIR}/${FRAMEWORKS_FOLDER_PATH}/GTMSessionFetcher.framework",
				"${TARGET_BUILD_DIR}/${FRAMEWORKS_FOLDER_PATH}/GoogleToolboxForMac.framework",
				"${TARGET_BUILD_DIR}/${FRAMEWORKS_FOLDER_PATH}/SVProgressHUD.framework",
				"${TARGET_BUILD_DIR}/${FRAMEWORKS_FOLDER_PATH}/leveldb.framework",
				"${TARGET_BUILD_DIR}/${FRAMEWORKS_FOLDER_PATH}/nanopb.framework",
			);
			runOnlyForDeploymentPostprocessing = 0;
			shellPath = /bin/sh;
			shellScript = "\"${SRCROOT}/Pods/Target Support Files/Pods-InstaFood/Pods-InstaFood-frameworks.sh\"\n";
			showEnvVarsInLog = 0;
		};
		AB90C3FC06B6A64641D5C8EB /* [CP] Check Pods Manifest.lock */ = {
			isa = PBXShellScriptBuildPhase;
			buildActionMask = 2147483647;
			files = (
			);
			inputPaths = (
				"${PODS_PODFILE_DIR_PATH}/Podfile.lock",
				"${PODS_ROOT}/Manifest.lock",
			);
			name = "[CP] Check Pods Manifest.lock";
			outputPaths = (
				"$(DERIVED_FILE_DIR)/Pods-InstaFood-checkManifestLockResult.txt",
			);
			runOnlyForDeploymentPostprocessing = 0;
			shellPath = /bin/sh;
			shellScript = "diff \"${PODS_PODFILE_DIR_PATH}/Podfile.lock\" \"${PODS_ROOT}/Manifest.lock\" > /dev/null\nif [ $? != 0 ] ; then\n    # print error to STDERR\n    echo \"error: The sandbox is not in sync with the Podfile.lock. Run 'pod install' or update your CocoaPods installation.\" >&2\n    exit 1\nfi\n# This output is used by Xcode 'outputs' to avoid re-running this script phase.\necho \"SUCCESS\" > \"${SCRIPT_OUTPUT_FILE_0}\"\n";
			showEnvVarsInLog = 0;
		};
		FF20ADA16A252638F49008F5 /* [CP] Copy Pods Resources */ = {
			isa = PBXShellScriptBuildPhase;
			buildActionMask = 2147483647;
			files = (
			);
			inputPaths = (
			);
			name = "[CP] Copy Pods Resources";
			outputPaths = (
			);
			runOnlyForDeploymentPostprocessing = 0;
			shellPath = /bin/sh;
			shellScript = "\"${SRCROOT}/Pods/Target Support Files/Pods-InstaFood/Pods-InstaFood-resources.sh\"\n";
			showEnvVarsInLog = 0;
		};
/* End PBXShellScriptBuildPhase section */

/* Begin PBXSourcesBuildPhase section */
		8414761B1FE82CA900DC8D1D /* Sources */ = {
			isa = PBXSourcesBuildPhase;
			buildActionMask = 2147483647;
			files = (
				847186B41FE9697700781F8D /* LoginViewController.swift in Sources */,
				8408A87D1FF6A6E6006C7960 /* NewRecipeViewController.swift in Sources */,
				84892D871FE99112004874BC /* RecipesFeedViewController.swift in Sources */,
				847186B91FE96E4C00781F8D /* SignUpViewController.swift in Sources */,
				845A891E1FF66FA10030F381 /* MyRecipesViewController.swift in Sources */,
				8447702E1FEED14A002BFD0A /* ForgetPasswordViewController.swift in Sources */,
				84F69A671FF1544F00BCA187 /* NetworkingService.swift in Sources */,
				841476231FE82CA900DC8D1D /* AppDelegate.swift in Sources */,
				84675F441FF79DFA00D1A196 /* RecipeViewViewController.swift in Sources */,
				84675F461FF7C5AA00D1A196 /* Recipe.swift in Sources */,
			);
			runOnlyForDeploymentPostprocessing = 0;
		};
/* End PBXSourcesBuildPhase section */

/* Begin PBXVariantGroup section */
		841476261FE82CA900DC8D1D /* Main.storyboard */ = {
			isa = PBXVariantGroup;
			children = (
				841476271FE82CA900DC8D1D /* Base */,
			);
			name = Main.storyboard;
			sourceTree = "<group>";
		};
		8414762B1FE82CA900DC8D1D /* LaunchScreen.storyboard */ = {
			isa = PBXVariantGroup;
			children = (
				8414762C1FE82CA900DC8D1D /* Base */,
			);
			name = LaunchScreen.storyboard;
			sourceTree = "<group>";
		};
/* End PBXVariantGroup section */

/* Begin XCBuildConfiguration section */
		8414762F1FE82CA900DC8D1D /* Debug */ = {
			isa = XCBuildConfiguration;
			buildSettings = {
				ALWAYS_SEARCH_USER_PATHS = NO;
				CLANG_ANALYZER_NONNULL = YES;
				CLANG_ANALYZER_NUMBER_OBJECT_CONVERSION = YES_AGGRESSIVE;
				CLANG_CXX_LANGUAGE_STANDARD = "gnu++14";
				CLANG_CXX_LIBRARY = "libc++";
				CLANG_ENABLE_MODULES = YES;
				CLANG_ENABLE_OBJC_ARC = YES;
				CLANG_WARN_BLOCK_CAPTURE_AUTORELEASING = YES;
				CLANG_WARN_BOOL_CONVERSION = YES;
				CLANG_WARN_COMMA = YES;
				CLANG_WARN_CONSTANT_CONVERSION = YES;
				CLANG_WARN_DIRECT_OBJC_ISA_USAGE = YES_ERROR;
				CLANG_WARN_DOCUMENTATION_COMMENTS = YES;
				CLANG_WARN_EMPTY_BODY = YES;
				CLANG_WARN_ENUM_CONVERSION = YES;
				CLANG_WARN_INFINITE_RECURSION = YES;
				CLANG_WARN_INT_CONVERSION = YES;
				CLANG_WARN_NON_LITERAL_NULL_CONVERSION = YES;
				CLANG_WARN_OBJC_LITERAL_CONVERSION = YES;
				CLANG_WARN_OBJC_ROOT_CLASS = YES_ERROR;
				CLANG_WARN_RANGE_LOOP_ANALYSIS = YES;
				CLANG_WARN_STRICT_PROTOTYPES = YES;
				CLANG_WARN_SUSPICIOUS_MOVE = YES;
				CLANG_WARN_UNGUARDED_AVAILABILITY = YES_AGGRESSIVE;
				CLANG_WARN_UNREACHABLE_CODE = YES;
				CLANG_WARN__DUPLICATE_METHOD_MATCH = YES;
				CODE_SIGN_IDENTITY = "iPhone Developer";
				COPY_PHASE_STRIP = NO;
				DEBUG_INFORMATION_FORMAT = dwarf;
				ENABLE_STRICT_OBJC_MSGSEND = YES;
				ENABLE_TESTABILITY = YES;
				GCC_C_LANGUAGE_STANDARD = gnu11;
				GCC_DYNAMIC_NO_PIC = NO;
				GCC_NO_COMMON_BLOCKS = YES;
				GCC_OPTIMIZATION_LEVEL = 0;
				GCC_PREPROCESSOR_DEFINITIONS = (
					"DEBUG=1",
					"$(inherited)",
				);
				GCC_WARN_64_TO_32_BIT_CONVERSION = YES;
				GCC_WARN_ABOUT_RETURN_TYPE = YES_ERROR;
				GCC_WARN_UNDECLARED_SELECTOR = YES;
				GCC_WARN_UNINITIALIZED_AUTOS = YES_AGGRESSIVE;
				GCC_WARN_UNUSED_FUNCTION = YES;
				GCC_WARN_UNUSED_VARIABLE = YES;
				IPHONEOS_DEPLOYMENT_TARGET = 11.0;
				MTL_ENABLE_DEBUG_INFO = YES;
				ONLY_ACTIVE_ARCH = YES;
				SDKROOT = iphoneos;
				SWIFT_ACTIVE_COMPILATION_CONDITIONS = DEBUG;
				SWIFT_OPTIMIZATION_LEVEL = "-Onone";
			};
			name = Debug;
		};
		841476301FE82CA900DC8D1D /* Release */ = {
			isa = XCBuildConfiguration;
			buildSettings = {
				ALWAYS_SEARCH_USER_PATHS = NO;
				CLANG_ANALYZER_NONNULL = YES;
				CLANG_ANALYZER_NUMBER_OBJECT_CONVERSION = YES_AGGRESSIVE;
				CLANG_CXX_LANGUAGE_STANDARD = "gnu++14";
				CLANG_CXX_LIBRARY = "libc++";
				CLANG_ENABLE_MODULES = YES;
				CLANG_ENABLE_OBJC_ARC = YES;
				CLANG_WARN_BLOCK_CAPTURE_AUTORELEASING = YES;
				CLANG_WARN_BOOL_CONVERSION = YES;
				CLANG_WARN_COMMA = YES;
				CLANG_WARN_CONSTANT_CONVERSION = YES;
				CLANG_WARN_DIRECT_OBJC_ISA_USAGE = YES_ERROR;
				CLANG_WARN_DOCUMENTATION_COMMENTS = YES;
				CLANG_WARN_EMPTY_BODY = YES;
				CLANG_WARN_ENUM_CONVERSION = YES;
				CLANG_WARN_INFINITE_RECURSION = YES;
				CLANG_WARN_INT_CONVERSION = YES;
				CLANG_WARN_NON_LITERAL_NULL_CONVERSION = YES;
				CLANG_WARN_OBJC_LITERAL_CONVERSION = YES;
				CLANG_WARN_OBJC_ROOT_CLASS = YES_ERROR;
				CLANG_WARN_RANGE_LOOP_ANALYSIS = YES;
				CLANG_WARN_STRICT_PROTOTYPES = YES;
				CLANG_WARN_SUSPICIOUS_MOVE = YES;
				CLANG_WARN_UNGUARDED_AVAILABILITY = YES_AGGRESSIVE;
				CLANG_WARN_UNREACHABLE_CODE = YES;
				CLANG_WARN__DUPLICATE_METHOD_MATCH = YES;
				CODE_SIGN_IDENTITY = "iPhone Developer";
				COPY_PHASE_STRIP = NO;
				DEBUG_INFORMATION_FORMAT = "dwarf-with-dsym";
				ENABLE_NS_ASSERTIONS = NO;
				ENABLE_STRICT_OBJC_MSGSEND = YES;
				GCC_C_LANGUAGE_STANDARD = gnu11;
				GCC_NO_COMMON_BLOCKS = YES;
				GCC_WARN_64_TO_32_BIT_CONVERSION = YES;
				GCC_WARN_ABOUT_RETURN_TYPE = YES_ERROR;
				GCC_WARN_UNDECLARED_SELECTOR = YES;
				GCC_WARN_UNINITIALIZED_AUTOS = YES_AGGRESSIVE;
				GCC_WARN_UNUSED_FUNCTION = YES;
				GCC_WARN_UNUSED_VARIABLE = YES;
				IPHONEOS_DEPLOYMENT_TARGET = 11.0;
				MTL_ENABLE_DEBUG_INFO = NO;
				SDKROOT = iphoneos;
				SWIFT_OPTIMIZATION_LEVEL = "-Owholemodule";
				VALIDATE_PRODUCT = YES;
			};
			name = Release;
		};
		841476321FE82CA900DC8D1D /* Debug */ = {
			isa = XCBuildConfiguration;
			baseConfigurationReference = 344AAC3BA7703357383F89D0 /* Pods-InstaFood.debug.xcconfig */;
			buildSettings = {
				ASSETCATALOG_COMPILER_APPICON_NAME = AppIcon;
				CODE_SIGN_STYLE = Automatic;
				INFOPLIST_FILE = InstaFood/Info.plist;
				LD_RUNPATH_SEARCH_PATHS = "$(inherited) @executable_path/Frameworks";
				PRODUCT_BUNDLE_IDENTIFIER = com.LihiSolomon.InstaFood;
				PRODUCT_NAME = "$(TARGET_NAME)";
				SWIFT_VERSION = 4.0;
				TARGETED_DEVICE_FAMILY = "1,2";
			};
			name = Debug;
		};
		841476331FE82CA900DC8D1D /* Release */ = {
			isa = XCBuildConfiguration;
			baseConfigurationReference = B341DF587FA5956004163DEA /* Pods-InstaFood.release.xcconfig */;
			buildSettings = {
				ASSETCATALOG_COMPILER_APPICON_NAME = AppIcon;
				CODE_SIGN_STYLE = Automatic;
				INFOPLIST_FILE = InstaFood/Info.plist;
				LD_RUNPATH_SEARCH_PATHS = "$(inherited) @executable_path/Frameworks";
				PRODUCT_BUNDLE_IDENTIFIER = com.LihiSolomon.InstaFood;
				PRODUCT_NAME = "$(TARGET_NAME)";
				SWIFT_VERSION = 4.0;
				TARGETED_DEVICE_FAMILY = "1,2";
			};
			name = Release;
		};
/* End XCBuildConfiguration section */

/* Begin XCConfigurationList section */
		8414761A1FE82CA900DC8D1D /* Build configuration list for PBXProject "InstaFood" */ = {
			isa = XCConfigurationList;
			buildConfigurations = (
				8414762F1FE82CA900DC8D1D /* Debug */,
				841476301FE82CA900DC8D1D /* Release */,
			);
			defaultConfigurationIsVisible = 0;
			defaultConfigurationName = Release;
		};
		841476311FE82CA900DC8D1D /* Build configuration list for PBXNativeTarget "InstaFood" */ = {
			isa = XCConfigurationList;
			buildConfigurations = (
				841476321FE82CA900DC8D1D /* Debug */,
				841476331FE82CA900DC8D1D /* Release */,
			);
			defaultConfigurationIsVisible = 0;
			defaultConfigurationName = Release;
		};
/* End XCConfigurationList section */
	};
	rootObject = 841476171FE82CA900DC8D1D /* Project object */;
}
